
Microsoft Visual Studio Solution File, Format Version 11.00
# Visual Studio 2010
Project("{FAE04EC0-301F-11D3-BF4B-00C04F79EFBC}") = "URoulette", "Assembly-CSharp-firstpass.csproj", "{D62C815E-E08C-1ED7-1F9C-A1DB47F1B2AB}"
EndProject
Project("{FAE04EC0-301F-11D3-BF4B-00C04F79EFBC}") = "URoulette", "Assembly-CSharp.csproj", "{184EF236-E3DB-49DC-FAA9-1553A8804152}"
EndProject
Global
	GlobalSection(SolutionConfigurationPlatforms) = preSolution
		Debug|Any CPU = Debug|Any CPU
		Release|Any CPU = Release|Any CPU
	EndGlobalSection
	GlobalSection(ProjectConfigurationPlatforms) = postSolution
		{D62C815E-E08C-1ED7-1F9C-A1DB47F1B2AB}.Debug|Any CPU.ActiveCfg = Debug|Any CPU
		{D62C815E-E08C-1ED7-1F9C-A1DB47F1B2AB}.Debug|Any CPU.Build.0 = Debug|Any CPU
		{D62C815E-E08C-1ED7-1F9C-A1DB47F1B2AB}.Release|Any CPU.ActiveCfg = Release|Any CPU
		{D62C815E-E08C-1ED7-1F9C-A1DB47F1B2AB}.Release|Any CPU.Build.0 = Release|Any CPU
		{184EF236-E3DB-49DC-FAA9-1553A8804152}.Debug|Any CPU.ActiveCfg = Debug|Any CPU
		{184EF236-E3DB-49DC-FAA9-1553A8804152}.Debug|Any CPU.Build.0 = Debug|Any CPU
		{184EF236-E3DB-49DC-FAA9-1553A8804152}.Release|Any CPU.ActiveCfg = Release|Any CPU
		{184EF236-E3DB-49DC-FAA9-1553A8804152}.Release|Any CPU.Build.0 = Release|Any CPU
	EndGlobalSection
	GlobalSection(SolutionProperties) = preSolution
		HideSolutionNode = FALSE
	EndGlobalSection
	GlobalSection(MonoDevelopProperties) = preSolution
		StartupItem = Assembly-CSharp.csproj
	EndGlobalSection
EndGlobal
